
Microsoft Visual Studio Solution File, Format Version 12.00
# Visual Studio Version 17
VisualStudioVersion = 17.7.34024.191
MinimumVisualStudioVersion = 10.0.40219.1
Project("{FAE04EC0-301F-11D3-BF4B-00C04F79EFBC}") = "Konsola_1", "Konsola_1.csproj", "{62CFE171-768F-4573-AE64-762F6CBA84F9}"
EndProject
Global
	GlobalSection(SolutionConfigurationPlatforms) = preSolution
		Debug|Any CPU = Debug|Any CPU
		Release|Any CPU = Release|Any CPU
	EndGlobalSection
	GlobalSection(ProjectConfigurationPlatforms) = postSolution
		{62CFE171-768F-4573-AE64-762F6CBA84F9}.Debug|Any CPU.ActiveCfg = Debug|Any CPU
		{62CFE171-768F-4573-AE64-762F6CBA84F9}.Debug|Any CPU.Build.0 = Debug|Any CPU
		{62CFE171-768F-4573-AE64-762F6CBA84F9}.Release|Any CPU.ActiveCfg = Release|Any CPU
		{62CFE171-768F-4573-AE64-762F6CBA84F9}.Release|Any CPU.Build.0 = Release|Any CPU
	EndGlobalSection
	GlobalSection(SolutionProperties) = preSolution
		HideSolutionNode = FALSE
	EndGlobalSection
	GlobalSection(ExtensibilityGlobals) = postSolution
		SolutionGuid = {912C180E-39E7-4CFC-914C-336F222001BD}
	EndGlobalSection
EndGlobal
